
Microsoft Visual Studio Solution File, Format Version 12.00
# Visual Studio Version 17
VisualStudioVersion = 17.5.33103.201
MinimumVisualStudioVersion = 10.0.40219.1
Project("{FAE04EC0-301F-11D3-BF4B-00C04F79EFBC}") = "SwapNumbersD", "SwapNumbersD\SwapNumbersD.csproj", "{5534D818-B86F-4AE0-8FB3-1E6E3386EE87}"
EndProject
Project("{FAE04EC0-301F-11D3-BF4B-00C04F79EFBC}") = "TrySwap", "TrySwap\TrySwap.csproj", "{40376A7B-6EA5-4D94-B837-826518F97D16}"
EndProject
Project("{FAE04EC0-301F-11D3-BF4B-00C04F79EFBC}") = "TrySwap2", "TrySwap2\TrySwap2.csproj", "{02EE5178-D90C-41A9-BFD8-96BDEC9CA820}"
EndProject
Project("{FAE04EC0-301F-11D3-BF4B-00C04F79EFBC}") = "TrySwap3", "TrySwap3\TrySwap3.csproj", "{B42E846A-C6D4-452F-914C-831A96059024}"
EndProject
Global
	GlobalSection(SolutionConfigurationPlatforms) = preSolution
		Debug|Any CPU = Debug|Any CPU
		Release|Any CPU = Release|Any CPU
	EndGlobalSection
	GlobalSection(ProjectConfigurationPlatforms) = postSolution
		{5534D818-B86F-4AE0-8FB3-1E6E3386EE87}.Debug|Any CPU.ActiveCfg = Debug|Any CPU
		{5534D818-B86F-4AE0-8FB3-1E6E3386EE87}.Debug|Any CPU.Build.0 = Debug|Any CPU
		{5534D818-B86F-4AE0-8FB3-1E6E3386EE87}.Release|Any CPU.ActiveCfg = Release|Any CPU
		{5534D818-B86F-4AE0-8FB3-1E6E3386EE87}.Release|Any CPU.Build.0 = Release|Any CPU
		{40376A7B-6EA5-4D94-B837-826518F97D16}.Debug|Any CPU.ActiveCfg = Debug|Any CPU
		{40376A7B-6EA5-4D94-B837-826518F97D16}.Debug|Any CPU.Build.0 = Debug|Any CPU
		{40376A7B-6EA5-4D94-B837-826518F97D16}.Release|Any CPU.ActiveCfg = Release|Any CPU
		{40376A7B-6EA5-4D94-B837-826518F97D16}.Release|Any CPU.Build.0 = Release|Any CPU
		{02EE5178-D90C-41A9-BFD8-96BDEC9CA820}.Debug|Any CPU.ActiveCfg = Debug|Any CPU
		{02EE5178-D90C-41A9-BFD8-96BDEC9CA820}.Debug|Any CPU.Build.0 = Debug|Any CPU
		{02EE5178-D90C-41A9-BFD8-96BDEC9CA820}.Release|Any CPU.ActiveCfg = Release|Any CPU
		{02EE5178-D90C-41A9-BFD8-96BDEC9CA820}.Release|Any CPU.Build.0 = Release|Any CPU
		{B42E846A-C6D4-452F-914C-831A96059024}.Debug|Any CPU.ActiveCfg = Debug|Any CPU
		{B42E846A-C6D4-452F-914C-831A96059024}.Debug|Any CPU.Build.0 = Debug|Any CPU
		{B42E846A-C6D4-452F-914C-831A96059024}.Release|Any CPU.ActiveCfg = Release|Any CPU
		{B42E846A-C6D4-452F-914C-831A96059024}.Release|Any CPU.Build.0 = Release|Any CPU
	EndGlobalSection
	GlobalSection(SolutionProperties) = preSolution
		HideSolutionNode = FALSE
	EndGlobalSection
	GlobalSection(ExtensibilityGlobals) = postSolution
		SolutionGuid = {C93F215C-6C4C-493F-9C89-C80791940855}
	EndGlobalSection
EndGlobal
